
Microsoft Visual Studio Solution File, Format Version 12.00
# Visual Studio Version 16
VisualStudioVersion = 16.0.29911.84
MinimumVisualStudioVersion = 10.0.40219.1
Project("{9A19103F-16F7-4668-BE54-9A1E7A4F7556}") = "ApiCatalogo", "ApiCatalogo\ApiCatalogo.csproj", "{42FCEDD0-8004-440B-94C6-776517E7FE20}"
EndProject
Global
	GlobalSection(SolutionConfigurationPlatforms) = preSolution
		Debug|Any CPU = Debug|Any CPU
		Release|Any CPU = Release|Any CPU
	EndGlobalSection
	GlobalSection(ProjectConfigurationPlatforms) = postSolution
		{42FCEDD0-8004-440B-94C6-776517E7FE20}.Debug|Any CPU.ActiveCfg = Debug|Any CPU
		{42FCEDD0-8004-440B-94C6-776517E7FE20}.Debug|Any CPU.Build.0 = Debug|Any CPU
		{42FCEDD0-8004-440B-94C6-776517E7FE20}.Release|Any CPU.ActiveCfg = Release|Any CPU
		{42FCEDD0-8004-440B-94C6-776517E7FE20}.Release|Any CPU.Build.0 = Release|Any CPU
	EndGlobalSection
	GlobalSection(SolutionProperties) = preSolution
		HideSolutionNode = FALSE
	EndGlobalSection
	GlobalSection(ExtensibilityGlobals) = postSolution
		SolutionGuid = {4F0F0C42-A0E3-4F22-934D-6B67764A1CE8}
	EndGlobalSection
EndGlobal
